
Microsoft Visual Studio Solution File, Format Version 12.00
# Visual Studio Version 16
VisualStudioVersion = 16.0.28729.10
MinimumVisualStudioVersion = 10.0.40219.1
Project("{FAE04EC0-301F-11D3-BF4B-00C04F79EFBC}") = "NoteToRemamber", "NoteToRemamber\NoteToRemamber.csproj", "{ADF95573-EE8C-4B7C-BD62-A05386EBDFF4}"
EndProject
Global
	GlobalSection(SolutionConfigurationPlatforms) = preSolution
		Debug|Any CPU = Debug|Any CPU
		Release|Any CPU = Release|Any CPU
	EndGlobalSection
	GlobalSection(ProjectConfigurationPlatforms) = postSolution
		{ADF95573-EE8C-4B7C-BD62-A05386EBDFF4}.Debug|Any CPU.ActiveCfg = Debug|Any CPU
		{ADF95573-EE8C-4B7C-BD62-A05386EBDFF4}.Debug|Any CPU.Build.0 = Debug|Any CPU
		{ADF95573-EE8C-4B7C-BD62-A05386EBDFF4}.Release|Any CPU.ActiveCfg = Release|Any CPU
		{ADF95573-EE8C-4B7C-BD62-A05386EBDFF4}.Release|Any CPU.Build.0 = Release|Any CPU
	EndGlobalSection
	GlobalSection(SolutionProperties) = preSolution
		HideSolutionNode = FALSE
	EndGlobalSection
	GlobalSection(ExtensibilityGlobals) = postSolution
		SolutionGuid = {EEF3775E-DA98-4FD2-B585-C5BCBC78BA7A}
	EndGlobalSection
EndGlobal
